
Microsoft Visual Studio Solution File, Format Version 12.00
# Visual Studio 2012
Project("{FAE04EC0-301F-11D3-BF4B-00C04F79EFBC}") = "QL_Tour", "QL_Tour\QL_Tour.csproj", "{FA843B38-058D-4442-BDA1-03642A1ED815}"
EndProject
Global
	GlobalSection(SolutionConfigurationPlatforms) = preSolution
		Debug|Any CPU = Debug|Any CPU
		Release|Any CPU = Release|Any CPU
	EndGlobalSection
	GlobalSection(ProjectConfigurationPlatforms) = postSolution
		{FA843B38-058D-4442-BDA1-03642A1ED815}.Debug|Any CPU.ActiveCfg = Debug|Any CPU
		{FA843B38-058D-4442-BDA1-03642A1ED815}.Debug|Any CPU.Build.0 = Debug|Any CPU
		{FA843B38-058D-4442-BDA1-03642A1ED815}.Release|Any CPU.ActiveCfg = Release|Any CPU
		{FA843B38-058D-4442-BDA1-03642A1ED815}.Release|Any CPU.Build.0 = Release|Any CPU
	EndGlobalSection
	GlobalSection(SolutionProperties) = preSolution
		HideSolutionNode = FALSE
	EndGlobalSection
EndGlobal
